
Microsoft Visual Studio Solution File, Format Version 12.00
# Visual Studio 15
VisualStudioVersion = 15.0.27130.2010
MinimumVisualStudioVersion = 10.0.40219.1
Project("{FAE04EC0-301F-11D3-BF4B-00C04F79EFBC}") = "ReverseString", "ReverseString\ReverseString.csproj", "{676A7E9E-1AFF-4CC8-A400-019A8E3B507E}"
EndProject
Global
	GlobalSection(SolutionConfigurationPlatforms) = preSolution
		Debug|Any CPU = Debug|Any CPU
		Release|Any CPU = Release|Any CPU
	EndGlobalSection
	GlobalSection(ProjectConfigurationPlatforms) = postSolution
		{676A7E9E-1AFF-4CC8-A400-019A8E3B507E}.Debug|Any CPU.ActiveCfg = Debug|Any CPU
		{676A7E9E-1AFF-4CC8-A400-019A8E3B507E}.Debug|Any CPU.Build.0 = Debug|Any CPU
		{676A7E9E-1AFF-4CC8-A400-019A8E3B507E}.Release|Any CPU.ActiveCfg = Release|Any CPU
		{676A7E9E-1AFF-4CC8-A400-019A8E3B507E}.Release|Any CPU.Build.0 = Release|Any CPU
	EndGlobalSection
	GlobalSection(SolutionProperties) = preSolution
		HideSolutionNode = FALSE
	EndGlobalSection
	GlobalSection(ExtensibilityGlobals) = postSolution
		SolutionGuid = {79AFF8B5-80AA-440C-A5D7-8041877EFD4B}
	EndGlobalSection
EndGlobal
